
Microsoft Visual Studio Solution File, Format Version 12.00
# Visual Studio Version 17
VisualStudioVersion = 17.0.31903.59
MinimumVisualStudioVersion = 10.0.40219.1
Project("{FAE04EC0-301F-11D3-BF4B-00C04F79EFBC}") = "SuggestTaskService", "SuggestTaskService\SuggestTaskService.csproj", "{FA2B442D-88E5-4992-8A50-844FBBB148A4}"
EndProject
Project("{FAE04EC0-301F-11D3-BF4B-00C04F79EFBC}") = "SuggestTaskService.Tests", "SuggestTaskService.Tests\SuggestTaskService.Tests.csproj", "{057E9BC9-6192-4108-BBBA-0E103A498B4B}"
EndProject
Global
	GlobalSection(SolutionConfigurationPlatforms) = preSolution
		Debug|Any CPU = Debug|Any CPU
		Release|Any CPU = Release|Any CPU
	EndGlobalSection
	GlobalSection(SolutionProperties) = preSolution
		HideSolutionNode = FALSE
	EndGlobalSection
	GlobalSection(ProjectConfigurationPlatforms) = postSolution
		{FA2B442D-88E5-4992-8A50-844FBBB148A4}.Debug|Any CPU.ActiveCfg = Debug|Any CPU
		{FA2B442D-88E5-4992-8A50-844FBBB148A4}.Debug|Any CPU.Build.0 = Debug|Any CPU
		{FA2B442D-88E5-4992-8A50-844FBBB148A4}.Release|Any CPU.ActiveCfg = Release|Any CPU
		{FA2B442D-88E5-4992-8A50-844FBBB148A4}.Release|Any CPU.Build.0 = Release|Any CPU
		{057E9BC9-6192-4108-BBBA-0E103A498B4B}.Debug|Any CPU.ActiveCfg = Debug|Any CPU
		{057E9BC9-6192-4108-BBBA-0E103A498B4B}.Debug|Any CPU.Build.0 = Debug|Any CPU
		{057E9BC9-6192-4108-BBBA-0E103A498B4B}.Release|Any CPU.ActiveCfg = Release|Any CPU
		{057E9BC9-6192-4108-BBBA-0E103A498B4B}.Release|Any CPU.Build.0 = Release|Any CPU
	EndGlobalSection
EndGlobal
